
Microsoft Visual Studio Solution File, Format Version 12.00
# Visual Studio 15
VisualStudioVersion = 15.0.27703.2026
MinimumVisualStudioVersion = 10.0.40219.1
Project("{9A19103F-16F7-4668-BE54-9A1E7A4F7556}") = "ReplaceCode", "ReplaceCode\ReplaceCode.csproj", "{8174954B-6901-4590-AA44-BCA229B0A7F1}"
	ProjectSection(ProjectDependencies) = postProject
		{DFBA3475-DF65-431B-9875-C6D1DC69D569} = {DFBA3475-DF65-431B-9875-C6D1DC69D569}
	EndProjectSection
EndProject
Project("{9A19103F-16F7-4668-BE54-9A1E7A4F7556}") = "ReplaceCode.CSharp", "ReplaceCode.CSharp\ReplaceCode.CSharp.csproj", "{DFBA3475-DF65-431B-9875-C6D1DC69D569}"
EndProject
Project("{9A19103F-16F7-4668-BE54-9A1E7A4F7556}") = "ReplaceCode.Tests", "ReplaceCode.Tests\ReplaceCode.Tests.csproj", "{51639A93-E3F4-4B9D-AEA0-8C11B921CBE1}"
EndProject
Project("{9A19103F-16F7-4668-BE54-9A1E7A4F7556}") = "ReplaceCode.Base", "ReplaceCode.Base\ReplaceCode.Base.csproj", "{AEA8942B-F0E3-4FFE-9D24-1116C54DB21F}"
EndProject
Global
	GlobalSection(SolutionConfigurationPlatforms) = preSolution
		Debug|Any CPU = Debug|Any CPU
		Publish|Any CPU = Publish|Any CPU
		Release|Any CPU = Release|Any CPU
	EndGlobalSection
	GlobalSection(ProjectConfigurationPlatforms) = postSolution
		{8174954B-6901-4590-AA44-BCA229B0A7F1}.Debug|Any CPU.ActiveCfg = Debug|Any CPU
		{8174954B-6901-4590-AA44-BCA229B0A7F1}.Debug|Any CPU.Build.0 = Debug|Any CPU
		{8174954B-6901-4590-AA44-BCA229B0A7F1}.Publish|Any CPU.ActiveCfg = Release|Any CPU
		{8174954B-6901-4590-AA44-BCA229B0A7F1}.Publish|Any CPU.Build.0 = Release|Any CPU
		{8174954B-6901-4590-AA44-BCA229B0A7F1}.Release|Any CPU.ActiveCfg = Release|Any CPU
		{8174954B-6901-4590-AA44-BCA229B0A7F1}.Release|Any CPU.Build.0 = Release|Any CPU
		{DFBA3475-DF65-431B-9875-C6D1DC69D569}.Debug|Any CPU.ActiveCfg = Debug|Any CPU
		{DFBA3475-DF65-431B-9875-C6D1DC69D569}.Debug|Any CPU.Build.0 = Debug|Any CPU
		{DFBA3475-DF65-431B-9875-C6D1DC69D569}.Publish|Any CPU.ActiveCfg = Release|Any CPU
		{DFBA3475-DF65-431B-9875-C6D1DC69D569}.Publish|Any CPU.Build.0 = Release|Any CPU
		{DFBA3475-DF65-431B-9875-C6D1DC69D569}.Release|Any CPU.ActiveCfg = Release|Any CPU
		{DFBA3475-DF65-431B-9875-C6D1DC69D569}.Release|Any CPU.Build.0 = Release|Any CPU
		{51639A93-E3F4-4B9D-AEA0-8C11B921CBE1}.Debug|Any CPU.ActiveCfg = Debug|Any CPU
		{51639A93-E3F4-4B9D-AEA0-8C11B921CBE1}.Debug|Any CPU.Build.0 = Debug|Any CPU
		{51639A93-E3F4-4B9D-AEA0-8C11B921CBE1}.Publish|Any CPU.ActiveCfg = Release|Any CPU
		{51639A93-E3F4-4B9D-AEA0-8C11B921CBE1}.Release|Any CPU.ActiveCfg = Release|Any CPU
		{51639A93-E3F4-4B9D-AEA0-8C11B921CBE1}.Release|Any CPU.Build.0 = Release|Any CPU
		{AEA8942B-F0E3-4FFE-9D24-1116C54DB21F}.Debug|Any CPU.ActiveCfg = Debug|Any CPU
		{AEA8942B-F0E3-4FFE-9D24-1116C54DB21F}.Debug|Any CPU.Build.0 = Debug|Any CPU
		{AEA8942B-F0E3-4FFE-9D24-1116C54DB21F}.Publish|Any CPU.ActiveCfg = Release|Any CPU
		{AEA8942B-F0E3-4FFE-9D24-1116C54DB21F}.Publish|Any CPU.Build.0 = Release|Any CPU
		{AEA8942B-F0E3-4FFE-9D24-1116C54DB21F}.Release|Any CPU.ActiveCfg = Release|Any CPU
		{AEA8942B-F0E3-4FFE-9D24-1116C54DB21F}.Release|Any CPU.Build.0 = Release|Any CPU
	EndGlobalSection
	GlobalSection(SolutionProperties) = preSolution
		HideSolutionNode = FALSE
	EndGlobalSection
	GlobalSection(ExtensibilityGlobals) = postSolution
		SolutionGuid = {4FE6C100-518A-477D-A6E8-273A8FF32D1C}
	EndGlobalSection
EndGlobal
